{
  "name": "myapp",
  "version": "1.0.0",
  "lockfileVersion": 2,
  "requires": true,
  "packages": {
    "": {
      "name": "myapp",
      "version": "1.0.0",
      "license": "ISC",
      "dependencies": {
        "@hellshi/fluentsql": "^1.1.0"
      }
    },
    "node_modules/@hellshi/fluentsql": {
      "version": "1.1.0",
      "resolved": "https://registry.npmjs.org/@hellshi/fluentsql/-/fluentsql-1.1.0.tgz",
      "integrity": "sha512-YnwUZHM/pImq1JhG8GDww8g+ac/KcEXXqMoF3Ao54gh0ThzXRDN+JVvaFUkD6NLexY0L5JB8qMZuCww0dHuhbg=="
    }
  },
  "dependencies": {
    "@hellshi/fluentsql": {
      "version": "1.1.0",
      "resolved": "https://registry.npmjs.org/@hellshi/fluentsql/-/fluentsql-1.1.0.tgz",
      "integrity": "sha512-YnwUZHM/pImq1JhG8GDww8g+ac/KcEXXqMoF3Ao54gh0ThzXRDN+JVvaFUkD6NLexY0L5JB8qMZuCww0dHuhbg=="
    }
  }
}
